
Microsoft Visual Studio Solution File, Format Version 12.00
# Visual Studio Version 17
VisualStudioVersion = 17.4.33205.214
MinimumVisualStudioVersion = 10.0.40219.1
Project("{FAE04EC0-301F-11D3-BF4B-00C04F79EFBC}") = "Desafio2ConversorMoedas", "Desafio2ConversorMoedas.csproj", "{338C2EE1-7712-4155-9E97-450D7E06926B}"
EndProject
Global
	GlobalSection(SolutionConfigurationPlatforms) = preSolution
		Debug|Any CPU = Debug|Any CPU
		Release|Any CPU = Release|Any CPU
	EndGlobalSection
	GlobalSection(ProjectConfigurationPlatforms) = postSolution
		{338C2EE1-7712-4155-9E97-450D7E06926B}.Debug|Any CPU.ActiveCfg = Debug|Any CPU
		{338C2EE1-7712-4155-9E97-450D7E06926B}.Debug|Any CPU.Build.0 = Debug|Any CPU
		{338C2EE1-7712-4155-9E97-450D7E06926B}.Release|Any CPU.ActiveCfg = Release|Any CPU
		{338C2EE1-7712-4155-9E97-450D7E06926B}.Release|Any CPU.Build.0 = Release|Any CPU
	EndGlobalSection
	GlobalSection(SolutionProperties) = preSolution
		HideSolutionNode = FALSE
	EndGlobalSection
	GlobalSection(ExtensibilityGlobals) = postSolution
		SolutionGuid = {26A269B9-F95B-49E6-8805-43BAB31A1AC6}
	EndGlobalSection
EndGlobal
